// !$*UTF8*$!
{
	archiveVersion = 1;
	classes = {
	};
	objectVersion = 56;
	objects = {

/* Begin PBXBuildFile section */
		BD9ABF372A7AC6BA0015C3F7 /* CALCAL.swift in Sources */ = {isa = PBXBuildFile; fileRef = BD9ABF362A7AC6BA0015C3F7 /* CALCAL.swift */; };
		BDDDD7822A78450000AC9DB9 /* JournalPage.swift in Sources */ = {isa = PBXBuildFile; fileRef = BDDDD7812A78450000AC9DB9 /* JournalPage.swift */; };
		BDE2DEAA2A7A93EB003C633E /* ResourcesPag3.swift in Sources */ = {isa = PBXBuildFile; fileRef = BDE2DEA92A7A93EB003C633E /* ResourcesPag3.swift */; };
		BDE2DEAC2A7A982B003C633E /* Report.swift in Sources */ = {isa = PBXBuildFile; fileRef = BDE2DEAB2A7A982B003C633E /* Report.swift */; };
		BDEB35182A793C6000A64A85 /* Calendar.swift in Sources */ = {isa = PBXBuildFile; fileRef = BDEB35172A793C6000A64A85 /* Calendar.swift */; };
		BDEB351A2A793C7C00A64A85 /* Map.swift in Sources */ = {isa = PBXBuildFile; fileRef = BDEB35192A793C7C00A64A85 /* Map.swift */; };
		BDF227942A781D7F00A5E7EB /* SafetyFirstApp.swift in Sources */ = {isa = PBXBuildFile; fileRef = BDF227932A781D7F00A5E7EB /* SafetyFirstApp.swift */; };
		BDF227962A781D7F00A5E7EB /* ContentView.swift in Sources */ = {isa = PBXBuildFile; fileRef = BDF227952A781D7F00A5E7EB /* ContentView.swift */; };
		BDF227982A781D8000A5E7EB /* Assets.xcassets in Resources */ = {isa = PBXBuildFile; fileRef = BDF227972A781D8000A5E7EB /* Assets.xcassets */; };
		BDF2279B2A781D8000A5E7EB /* Preview Assets.xcassets in Resources */ = {isa = PBXBuildFile; fileRef = BDF2279A2A781D8000A5E7EB /* Preview Assets.xcassets */; };
		BDF227A52A781D8000A5E7EB /* SafetyFirstTests.swift in Sources */ = {isa = PBXBuildFile; fileRef = BDF227A42A781D8000A5E7EB /* SafetyFirstTests.swift */; };
		BDF227AF2A781D8000A5E7EB /* SafetyFirstUITests.swift in Sources */ = {isa = PBXBuildFile; fileRef = BDF227AE2A781D8000A5E7EB /* SafetyFirstUITests.swift */; };
		BDF227B12A781D8000A5E7EB /* SafetyFirstUITestsLaunchTests.swift in Sources */ = {isa = PBXBuildFile; fileRef = BDF227B02A781D8000A5E7EB /* SafetyFirstUITestsLaunchTests.swift */; };
/* End PBXBuildFile section */

/* Begin PBXContainerItemProxy section */
		BDF227A12A781D8000A5E7EB /* PBXContainerItemProxy */ = {
			isa = PBXContainerItemProxy;
			containerPortal = BDF227882A781D7F00A5E7EB /* Project object */;
			proxyType = 1;
			remoteGlobalIDString = BDF2278F2A781D7F00A5E7EB;
			remoteInfo = SafetyFirst;
		};
		BDF227AB2A781D8000A5E7EB /* PBXContainerItemProxy */ = {
			isa = PBXContainerItemProxy;
			containerPortal = BDF227882A781D7F00A5E7EB /* Project object */;
			proxyType = 1;
			remoteGlobalIDString = BDF2278F2A781D7F00A5E7EB;
			remoteInfo = SafetyFirst;
		};
/* End PBXContainerItemProxy section */

/* Begin PBXFileReference section */
		BD9ABF362A7AC6BA0015C3F7 /* CALCAL.swift */ = {isa = PBXFileReference; lastKnownFileType = sourcecode.swift; path = CALCAL.swift; sourceTree = "<group>"; };
		BDDDD7812A78450000AC9DB9 /* JournalPage.swift */ = {isa = PBXFileReference; lastKnownFileType = sourcecode.swift; path = JournalPage.swift; sourceTree = "<group>"; };
		BDE2DEA92A7A93EB003C633E /* ResourcesPag3.swift */ = {isa = PBXFileReference; fileEncoding = 4; lastKnownFileType = sourcecode.swift; path = ResourcesPag3.swift; sourceTree = "<group>"; };
		BDE2DEAB2A7A982B003C633E /* Report.swift */ = {isa = PBXFileReference; lastKnownFileType = sourcecode.swift; path = Report.swift; sourceTree = "<group>"; };
		BDEB35172A793C6000A64A85 /* Calendar.swift */ = {isa = PBXFileReference; lastKnownFileType = sourcecode.swift; path = Calendar.swift; sourceTree = "<group>"; };
		BDEB35192A793C7C00A64A85 /* Map.swift */ = {isa = PBXFileReference; lastKnownFileType = sourcecode.swift; path = Map.swift; sourceTree = "<group>"; };
		BDF227902A781D7F00A5E7EB /* SafetyFirst.app */ = {isa = PBXFileReference; explicitFileType = wrapper.application; includeInIndex = 0; path = SafetyFirst.app; sourceTree = BUILT_PRODUCTS_DIR; };
		BDF227932A781D7F00A5E7EB /* SafetyFirstApp.swift */ = {isa = PBXFileReference; lastKnownFileType = sourcecode.swift; path = SafetyFirstApp.swift; sourceTree = "<group>"; };
		BDF227952A781D7F00A5E7EB /* ContentView.swift */ = {isa = PBXFileReference; lastKnownFileType = sourcecode.swift; path = ContentView.swift; sourceTree = "<group>"; };
		BDF227972A781D8000A5E7EB /* Assets.xcassets */ = {isa = PBXFileReference; lastKnownFileType = folder.assetcatalog; path = Assets.xcassets; sourceTree = "<group>"; };
		BDF2279A2A781D8000A5E7EB /* Preview Assets.xcassets */ = {isa = PBXFileReference; lastKnownFileType = folder.assetcatalog; path = "Preview Assets.xcassets"; sourceTree = "<group>"; };
		BDF227A02A781D8000A5E7EB /* SafetyFirstTests.xctest */ = {isa = PBXFileReference; explicitFileType = wrapper.cfbundle; includeInIndex = 0; path = SafetyFirstTests.xctest; sourceTree = BUILT_PRODUCTS_DIR; };
		BDF227A42A781D8000A5E7EB /* SafetyFirstTests.swift */ = {isa = PBXFileReference; lastKnownFileType = sourcecode.swift; path = SafetyFirstTests.swift; sourceTree = "<group>"; };
		BDF227AA2A781D8000A5E7EB /* SafetyFirstUITests.xctest */ = {isa = PBXFileReference; explicitFileType = wrapper.cfbundle; includeInIndex = 0; path = SafetyFirstUITests.xctest; sourceTree = BUILT_PRODUCTS_DIR; };
		BDF227AE2A781D8000A5E7EB /* SafetyFirstUITests.swift */ = {isa = PBXFileReference; lastKnownFileType = sourcecode.swift; path = SafetyFirstUITests.swift; sourceTree = "<group>"; };
		BDF227B02A781D8000A5E7EB /* SafetyFirstUITestsLaunchTests.swift */ = {isa = PBXFileReference; lastKnownFileType = sourcecode.swift; path = SafetyFirstUITestsLaunchTests.swift; sourceTree = "<group>"; };
/* End PBXFileReference section */

/* Begin PBXFrameworksBuildPhase section */
		BDF2278D2A781D7F00A5E7EB /* Frameworks */ = {
			isa = PBXFrameworksBuildPhase;
			buildActionMask = 2147483647;
			files = (
			);
			runOnlyForDeploymentPostprocessing = 0;
		};
		BDF2279D2A781D8000A5E7EB /* Frameworks */ = {
			isa = PBXFrameworksBuildPhase;
			buildActionMask = 2147483647;
			files = (
			);
			runOnlyForDeploymentPostprocessing = 0;
		};
		BDF227A72A781D8000A5E7EB /* Frameworks */ = {
			isa = PBXFrameworksBuildPhase;
			buildActionMask = 2147483647;
			files = (
			);
			runOnlyForDeploymentPostprocessing = 0;
		};
/* End PBXFrameworksBuildPhase section */

/* Begin PBXGroup section */
		BDF227872A781D7F00A5E7EB = {
			isa = PBXGroup;
			children = (
				BDF227922A781D7F00A5E7EB /* SafetyFirst */,
				BDF227A32A781D8000A5E7EB /* SafetyFirstTests */,
				BDF227AD2A781D8000A5E7EB /* SafetyFirstUITests */,
				BDF227912A781D7F00A5E7EB /* Products */,
			);
			sourceTree = "<group>";
		};
		BDF227912A781D7F00A5E7EB /* Products */ = {
			isa = PBXGroup;
			children = (
				BDF227902A781D7F00A5E7EB /* SafetyFirst.app */,
				BDF227A02A781D8000A5E7EB /* SafetyFirstTests.xctest */,
				BDF227AA2A781D8000A5E7EB /* SafetyFirstUITests.xctest */,
			);
			name = Products;
			sourceTree = "<group>";
		};
		BDF227922A781D7F00A5E7EB /* SafetyFirst */ = {
			isa = PBXGroup;
			children = (
				BDF227952A781D7F00A5E7EB /* ContentView.swift */,
				BD9ABF362A7AC6BA0015C3F7 /* CALCAL.swift */,
				BDDDD7812A78450000AC9DB9 /* JournalPage.swift */,
				BDE2DEA92A7A93EB003C633E /* ResourcesPag3.swift */,
				BDE2DEAB2A7A982B003C633E /* Report.swift */,
				BDEB35192A793C7C00A64A85 /* Map.swift */,
				BDF227972A781D8000A5E7EB /* Assets.xcassets */,
				BDF227932A781D7F00A5E7EB /* SafetyFirstApp.swift */,
				BDF227992A781D8000A5E7EB /* Preview Content */,
			);
			path = SafetyFirst;
			sourceTree = "<group>";
		};
		BDF227992A781D8000A5E7EB /* Preview Content */ = {
			isa = PBXGroup;
			children = (
				BDF2279A2A781D8000A5E7EB /* Preview Assets.xcassets */,
				BDEB35172A793C6000A64A85 /* Calendar.swift */,
			);
			path = "Preview Content";
			sourceTree = "<group>";
		};
		BDF227A32A781D8000A5E7EB /* SafetyFirstTests */ = {
			isa = PBXGroup;
			children = (
				BDF227A42A781D8000A5E7EB /* SafetyFirstTests.swift */,
			);
			path = SafetyFirstTests;
			sourceTree = "<group>";
		};
		BDF227AD2A781D8000A5E7EB /* SafetyFirstUITests */ = {
			isa = PBXGroup;
			children = (
				BDF227AE2A781D8000A5E7EB /* SafetyFirstUITests.swift */,
				BDF227B02A781D8000A5E7EB /* SafetyFirstUITestsLaunchTests.swift */,
			);
			path = SafetyFirstUITests;
			sourceTree = "<group>";
		};
/* End PBXGroup section */

/* Begin PBXNativeTarget section */
		BDF2278F2A781D7F00A5E7EB /* SafetyFirst */ = {
			isa = PBXNativeTarget;
			buildConfigurationList = BDF227B42A781D8000A5E7EB /* Build configuration list for PBXNativeTarget "SafetyFirst" */;
			buildPhases = (
				BDF2278C2A781D7F00A5E7EB /* Sources */,
				BDF2278D2A781D7F00A5E7EB /* Frameworks */,
				BDF2278E2A781D7F00A5E7EB /* Resources */,
			);
			buildRules = (
			);
			dependencies = (
			);
			name = SafetyFirst;
			productName = SafetyFirst;
			productReference = BDF227902A781D7F00A5E7EB /* SafetyFirst.app */;
			productType = "com.apple.product-type.application";
		};
		BDF2279F2A781D8000A5E7EB /* SafetyFirstTests */ = {
			isa = PBXNativeTarget;
			buildConfigurationList = BDF227B72A781D8000A5E7EB /* Build configuration list for PBXNativeTarget "SafetyFirstTests" */;
			buildPhases = (
				BDF2279C2A781D8000A5E7EB /* Sources */,
				BDF2279D2A781D8000A5E7EB /* Frameworks */,
				BDF2279E2A781D8000A5E7EB /* Resources */,
			);
			buildRules = (
			);
			dependencies = (
				BDF227A22A781D8000A5E7EB /* PBXTargetDependency */,
			);
			name = SafetyFirstTests;
			productName = SafetyFirstTests;
			productReference = BDF227A02A781D8000A5E7EB /* SafetyFirstTests.xctest */;
			productType = "com.apple.product-type.bundle.unit-test";
		};
		BDF227A92A781D8000A5E7EB /* SafetyFirstUITests */ = {
			isa = PBXNativeTarget;
			buildConfigurationList = BDF227BA2A781D8000A5E7EB /* Build configuration list for PBXNativeTarget "SafetyFirstUITests" */;
			buildPhases = (
				BDF227A62A781D8000A5E7EB /* Sources */,
				BDF227A72A781D8000A5E7EB /* Frameworks */,
				BDF227A82A781D8000A5E7EB /* Resources */,
			);
			buildRules = (
			);
			dependencies = (
				BDF227AC2A781D8000A5E7EB /* PBXTargetDependency */,
			);
			name = SafetyFirstUITests;
			productName = SafetyFirstUITests;
			productReference = BDF227AA2A781D8000A5E7EB /* SafetyFirstUITests.xctest */;
			productType = "com.apple.product-type.bundle.ui-testing";
		};
/* End PBXNativeTarget section */

/* Begin PBXProject section */
		BDF227882A781D7F00A5E7EB /* Project object */ = {
			isa = PBXProject;
			attributes = {
				BuildIndependentTargetsInParallel = 1;
				LastSwiftUpdateCheck = 1430;
				LastUpgradeCheck = 1430;
				TargetAttributes = {
					BDF2278F2A781D7F00A5E7EB = {
						CreatedOnToolsVersion = 14.3.1;
					};
					BDF2279F2A781D8000A5E7EB = {
						CreatedOnToolsVersion = 14.3.1;
						TestTargetID = BDF2278F2A781D7F00A5E7EB;
					};
					BDF227A92A781D8000A5E7EB = {
						CreatedOnToolsVersion = 14.3.1;
						TestTargetID = BDF2278F2A781D7F00A5E7EB;
					};
				};
			};
			buildConfigurationList = BDF2278B2A781D7F00A5E7EB /* Build configuration list for PBXProject "SafetyFirst" */;
			compatibilityVersion = "Xcode 14.0";
			developmentRegion = en;
			hasScannedForEncodings = 0;
			knownRegions = (
				en,
				Base,
			);
			mainGroup = BDF227872A781D7F00A5E7EB;
			productRefGroup = BDF227912A781D7F00A5E7EB /* Products */;
			projectDirPath = "";
			projectRoot = "";
			targets = (
				BDF2278F2A781D7F00A5E7EB /* SafetyFirst */,
				BDF2279F2A781D8000A5E7EB /* SafetyFirstTests */,
				BDF227A92A781D8000A5E7EB /* SafetyFirstUITests */,
			);
		};
/* End PBXProject section */

/* Begin PBXResourcesBuildPhase section */
		BDF2278E2A781D7F00A5E7EB /* Resources */ = {
			isa = PBXResourcesBuildPhase;
			buildActionMask = 2147483647;
			files = (
				BDF2279B2A781D8000A5E7EB /* Preview Assets.xcassets in Resources */,
				BDF227982A781D8000A5E7EB /* Assets.xcassets in Resources */,
			);
			runOnlyForDeploymentPostprocessing = 0;
		};
		BDF2279E2A781D8000A5E7EB /* Resources */ = {
			isa = PBXResourcesBuildPhase;
			buildActionMask = 2147483647;
			files = (
			);
			runOnlyForDeploymentPostprocessing = 0;
		};
		BDF227A82A781D8000A5E7EB /* Resources */ = {
			isa = PBXResourcesBuildPhase;
			buildActionMask = 2147483647;
			files = (
			);
			runOnlyForDeploymentPostprocessing = 0;
		};
/* End PBXResourcesBuildPhase section */

/* Begin PBXSourcesBuildPhase section */
		BDF2278C2A781D7F00A5E7EB /* Sources */ = {
			isa = PBXSourcesBuildPhase;
			buildActionMask = 2147483647;
			files = (
				BDF227962A781D7F00A5E7EB /* ContentView.swift in Sources */,
				BDF227942A781D7F00A5E7EB /* SafetyFirstApp.swift in Sources */,
				BDE2DEAC2A7A982B003C633E /* Report.swift in Sources */,
				BDDDD7822A78450000AC9DB9 /* JournalPage.swift in Sources */,
				BDEB351A2A793C7C00A64A85 /* Map.swift in Sources */,
				BD9ABF372A7AC6BA0015C3F7 /* CALCAL.swift in Sources */,
				BDEB35182A793C6000A64A85 /* Calendar.swift in Sources */,
				BDE2DEAA2A7A93EB003C633E /* ResourcesPag3.swift in Sources */,
			);
			runOnlyForDeploymentPostprocessing = 0;
		};
		BDF2279C2A781D8000A5E7EB /* Sources */ = {
			isa = PBXSourcesBuildPhase;
			buildActionMask = 2147483647;
			files = (
				BDF227A52A781D8000A5E7EB /* SafetyFirstTests.swift in Sources */,
			);
			runOnlyForDeploymentPostprocessing = 0;
		};
		BDF227A62A781D8000A5E7EB /* Sources */ = {
			isa = PBXSourcesBuildPhase;
			buildActionMask = 2147483647;
			files = (
				BDF227AF2A781D8000A5E7EB /* SafetyFirstUITests.swift in Sources */,
				BDF227B12A781D8000A5E7EB /* SafetyFirstUITestsLaunchTests.swift in Sources */,
			);
			runOnlyForDeploymentPostprocessing = 0;
		};
/* End PBXSourcesBuildPhase section */

/* Begin PBXTargetDependency section */
		BDF227A22A781D8000A5E7EB /* PBXTargetDependency */ = {
			isa = PBXTargetDependency;
			target = BDF2278F2A781D7F00A5E7EB /* SafetyFirst */;
			targetProxy = BDF227A12A781D8000A5E7EB /* PBXContainerItemProxy */;
		};
		BDF227AC2A781D8000A5E7EB /* PBXTargetDependency */ = {
			isa = PBXTargetDependency;
			target = BDF2278F2A781D7F00A5E7EB /* SafetyFirst */;
			targetProxy = BDF227AB2A781D8000A5E7EB /* PBXContainerItemProxy */;
		};
/* End PBXTargetDependency section */

/* Begin XCBuildConfiguration section */
		BDF227B22A781D8000A5E7EB /* Debug */ = {
			isa = XCBuildConfiguration;
			buildSettings = {
				ALWAYS_SEARCH_USER_PATHS = NO;
				CLANG_ANALYZER_NONNULL = YES;
				CLANG_ANALYZER_NUMBER_OBJECT_CONVERSION = YES_AGGRESSIVE;
				CLANG_CXX_LANGUAGE_STANDARD = "gnu++20";
				CLANG_ENABLE_MODULES = YES;
				CLANG_ENABLE_OBJC_ARC = YES;
				CLANG_ENABLE_OBJC_WEAK = YES;
				CLANG_WARN_BLOCK_CAPTURE_AUTORELEASING = YES;
				CLANG_WARN_BOOL_CONVERSION = YES;
				CLANG_WARN_COMMA = YES;
				CLANG_WARN_CONSTANT_CONVERSION = YES;
				CLANG_WARN_DEPRECATED_OBJC_IMPLEMENTATIONS = YES;
				CLANG_WARN_DIRECT_OBJC_ISA_USAGE = YES_ERROR;
				CLANG_WARN_DOCUMENTATION_COMMENTS = YES;
				CLANG_WARN_EMPTY_BODY = YES;
				CLANG_WARN_ENUM_CONVERSION = YES;
				CLANG_WARN_INFINITE_RECURSION = YES;
				CLANG_WARN_INT_CONVERSION = YES;
				CLANG_WARN_NON_LITERAL_NULL_CONVERSION = YES;
				CLANG_WARN_OBJC_IMPLICIT_RETAIN_SELF = YES;
				CLANG_WARN_OBJC_LITERAL_CONVERSION = YES;
				CLANG_WARN_OBJC_ROOT_CLASS = YES_ERROR;
				CLANG_WARN_QUOTED_INCLUDE_IN_FRAMEWORK_HEADER = YES;
				CLANG_WARN_RANGE_LOOP_ANALYSIS = YES;
				CLANG_WARN_STRICT_PROTOTYPES = YES;
				CLANG_WARN_SUSPICIOUS_MOVE = YES;
				CLANG_WARN_UNGUARDED_AVAILABILITY = YES_AGGRESSIVE;
				CLANG_WARN_UNREACHABLE_CODE = YES;
				CLANG_WARN__DUPLICATE_METHOD_MATCH = YES;
				COPY_PHASE_STRIP = NO;
				DEBUG_INFORMATION_FORMAT = dwarf;
				ENABLE_STRICT_OBJC_MSGSEND = YES;
				ENABLE_TESTABILITY = YES;
				GCC_C_LANGUAGE_STANDARD = gnu11;
				GCC_DYNAMIC_NO_PIC = NO;
				GCC_NO_COMMON_BLOCKS = YES;
				GCC_OPTIMIZATION_LEVEL = 0;
				GCC_PREPROCESSOR_DEFINITIONS = (
					"DEBUG=1",
					"$(inherited)",
				);
				GCC_WARN_64_TO_32_BIT_CONVERSION = YES;
				GCC_WARN_ABOUT_RETURN_TYPE = YES_ERROR;
				GCC_WARN_UNDECLARED_SELECTOR = YES;
				GCC_WARN_UNINITIALIZED_AUTOS = YES_AGGRESSIVE;
				GCC_WARN_UNUSED_FUNCTION = YES;
				GCC_WARN_UNUSED_VARIABLE = YES;
				IPHONEOS_DEPLOYMENT_TARGET = 16.4;
				MTL_ENABLE_DEBUG_INFO = INCLUDE_SOURCE;
				MTL_FAST_MATH = YES;
				ONLY_ACTIVE_ARCH = YES;
				SDKROOT = iphoneos;
				SWIFT_ACTIVE_COMPILATION_CONDITIONS = DEBUG;
				SWIFT_OPTIMIZATION_LEVEL = "-Onone";
			};
			name = Debug;
		};
		BDF227B32A781D8000A5E7EB /* Release */ = {
			isa = XCBuildConfiguration;
			buildSettings = {
				ALWAYS_SEARCH_USER_PATHS = NO;
				CLANG_ANALYZER_NONNULL = YES;
				CLANG_ANALYZER_NUMBER_OBJECT_CONVERSION = YES_AGGRESSIVE;
				CLANG_CXX_LANGUAGE_STANDARD = "gnu++20";
				CLANG_ENABLE_MODULES = YES;
				CLANG_ENABLE_OBJC_ARC = YES;
				CLANG_ENABLE_OBJC_WEAK = YES;
				CLANG_WARN_BLOCK_CAPTURE_AUTORELEASING = YES;
				CLANG_WARN_BOOL_CONVERSION = YES;
				CLANG_WARN_COMMA = YES;
				CLANG_WARN_CONSTANT_CONVERSION = YES;
				CLANG_WARN_DEPRECATED_OBJC_IMPLEMENTATIONS = YES;
				CLANG_WARN_DIRECT_OBJC_ISA_USAGE = YES_ERROR;
				CLANG_WARN_DOCUMENTATION_COMMENTS = YES;
				CLANG_WARN_EMPTY_BODY = YES;
				CLANG_WARN_ENUM_CONVERSION = YES;
				CLANG_WARN_INFINITE_RECURSION = YES;
				CLANG_WARN_INT_CONVERSION = YES;
				CLANG_WARN_NON_LITERAL_NULL_CONVERSION = YES;
				CLANG_WARN_OBJC_IMPLICIT_RETAIN_SELF = YES;
				CLANG_WARN_OBJC_LITERAL_CONVERSION = YES;
				CLANG_WARN_OBJC_ROOT_CLASS = YES_ERROR;
				CLANG_WARN_QUOTED_INCLUDE_IN_FRAMEWORK_HEADER = YES;
				CLANG_WARN_RANGE_LOOP_ANALYSIS = YES;
				CLANG_WARN_STRICT_PROTOTYPES = YES;
				CLANG_WARN_SUSPICIOUS_MOVE = YES;
				CLANG_WARN_UNGUARDED_AVAILABILITY = YES_AGGRESSIVE;
				CLANG_WARN_UNREACHABLE_CODE = YES;
				CLANG_WARN__DUPLICATE_METHOD_MATCH = YES;
				COPY_PHASE_STRIP = NO;
				DEBUG_INFORMATION_FORMAT = "dwarf-with-dsym";
				ENABLE_NS_ASSERTIONS = NO;
				ENABLE_STRICT_OBJC_MSGSEND = YES;
				GCC_C_LANGUAGE_STANDARD = gnu11;
				GCC_NO_COMMON_BLOCKS = YES;
				GCC_WARN_64_TO_32_BIT_CONVERSION = YES;
				GCC_WARN_ABOUT_RETURN_TYPE = YES_ERROR;
				GCC_WARN_UNDECLARED_SELECTOR = YES;
				GCC_WARN_UNINITIALIZED_AUTOS = YES_AGGRESSIVE;
				GCC_WARN_UNUSED_FUNCTION = YES;
				GCC_WARN_UNUSED_VARIABLE = YES;
				IPHONEOS_DEPLOYMENT_TARGET = 16.4;
				MTL_ENABLE_DEBUG_INFO = NO;
				MTL_FAST_MATH = YES;
				SDKROOT = iphoneos;
				SWIFT_COMPILATION_MODE = wholemodule;
				SWIFT_OPTIMIZATION_LEVEL = "-O";
				VALIDATE_PRODUCT = YES;
			};
			name = Release;
		};
		BDF227B52A781D8000A5E7EB /* Debug */ = {
			isa = XCBuildConfiguration;
			buildSettings = {
				ASSETCATALOG_COMPILER_APPICON_NAME = AppIcon;
				ASSETCATALOG_COMPILER_GLOBAL_ACCENT_COLOR_NAME = AccentColor;
				CODE_SIGN_STYLE = Automatic;
				CURRENT_PROJECT_VERSION = 1;
				DEVELOPMENT_ASSET_PATHS = "\"SafetyFirst/Preview Content\"";
				ENABLE_PREVIEWS = YES;
				GENERATE_INFOPLIST_FILE = YES;
				INFOPLIST_KEY_UIApplicationSceneManifest_Generation = YES;
				INFOPLIST_KEY_UIApplicationSupportsIndirectInputEvents = YES;
				INFOPLIST_KEY_UILaunchScreen_Generation = YES;
				INFOPLIST_KEY_UISupportedInterfaceOrientations_iPad = "UIInterfaceOrientationPortrait UIInterfaceOrientationPortraitUpsideDown UIInterfaceOrientationLandscapeLeft UIInterfaceOrientationLandscapeRight";
				INFOPLIST_KEY_UISupportedInterfaceOrientations_iPhone = "UIInterfaceOrientationPortrait UIInterfaceOrientationLandscapeLeft UIInterfaceOrientationLandscapeRight";
				LD_RUNPATH_SEARCH_PATHS = (
					"$(inherited)",
					"@executable_path/Frameworks",
				);
				MARKETING_VERSION = 1.0;
				PRODUCT_BUNDLE_IDENTIFIER = kwk.SafetyFirst;
				PRODUCT_NAME = "$(TARGET_NAME)";
				SWIFT_EMIT_LOC_STRINGS = YES;
				SWIFT_VERSION = 5.0;
				TARGETED_DEVICE_FAMILY = "1,2";
			};
			name = Debug;
		};
		BDF227B62A781D8000A5E7EB /* Release */ = {
			isa = XCBuildConfiguration;
			buildSettings = {
				ASSETCATALOG_COMPILER_APPICON_NAME = AppIcon;
				ASSETCATALOG_COMPILER_GLOBAL_ACCENT_COLOR_NAME = AccentColor;
				CODE_SIGN_STYLE = Automatic;
				CURRENT_PROJECT_VERSION = 1;
				DEVELOPMENT_ASSET_PATHS = "\"SafetyFirst/Preview Content\"";
				ENABLE_PREVIEWS = YES;
				GENERATE_INFOPLIST_FILE = YES;
				INFOPLIST_KEY_UIApplicationSceneManifest_Generation = YES;
				INFOPLIST_KEY_UIApplicationSupportsIndirectInputEvents = YES;
				INFOPLIST_KEY_UILaunchScreen_Generation = YES;
				INFOPLIST_KEY_UISupportedInterfaceOrientations_iPad = "UIInterfaceOrientationPortrait UIInterfaceOrientationPortraitUpsideDown UIInterfaceOrientationLandscapeLeft UIInterfaceOrientationLandscapeRight";
				INFOPLIST_KEY_UISupportedInterfaceOrientations_iPhone = "UIInterfaceOrientationPortrait UIInterfaceOrientationLandscapeLeft UIInterfaceOrientationLandscapeRight";
				LD_RUNPATH_SEARCH_PATHS = (
					"$(inherited)",
					"@executable_path/Frameworks",
				);
				MARKETING_VERSION = 1.0;
				PRODUCT_BUNDLE_IDENTIFIER = kwk.SafetyFirst;
				PRODUCT_NAME = "$(TARGET_NAME)";
				SWIFT_EMIT_LOC_STRINGS = YES;
				SWIFT_VERSION = 5.0;
				TARGETED_DEVICE_FAMILY = "1,2";
			};
			name = Release;
		};
		BDF227B82A781D8000A5E7EB /* Debug */ = {
			isa = XCBuildConfiguration;
			buildSettings = {
				ALWAYS_EMBED_SWIFT_STANDARD_LIBRARIES = YES;
				BUNDLE_LOADER = "$(TEST_HOST)";
				CODE_SIGN_STYLE = Automatic;
				CURRENT_PROJECT_VERSION = 1;
				GENERATE_INFOPLIST_FILE = YES;
				IPHONEOS_DEPLOYMENT_TARGET = 16.4;
				MARKETING_VERSION = 1.0;
				PRODUCT_BUNDLE_IDENTIFIER = kwk.SafetyFirstTests;
				PRODUCT_NAME = "$(TARGET_NAME)";
				SWIFT_EMIT_LOC_STRINGS = NO;
				SWIFT_VERSION = 5.0;
				TARGETED_DEVICE_FAMILY = "1,2";
				TEST_HOST = "$(BUILT_PRODUCTS_DIR)/SafetyFirst.app/$(BUNDLE_EXECUTABLE_FOLDER_PATH)/SafetyFirst";
			};
			name = Debug;
		};
		BDF227B92A781D8000A5E7EB /* Release */ = {
			isa = XCBuildConfiguration;
			buildSettings = {
				ALWAYS_EMBED_SWIFT_STANDARD_LIBRARIES = YES;
				BUNDLE_LOADER = "$(TEST_HOST)";
				CODE_SIGN_STYLE = Automatic;
				CURRENT_PROJECT_VERSION = 1;
				GENERATE_INFOPLIST_FILE = YES;
				IPHONEOS_DEPLOYMENT_TARGET = 16.4;
				MARKETING_VERSION = 1.0;
				PRODUCT_BUNDLE_IDENTIFIER = kwk.SafetyFirstTests;
				PRODUCT_NAME = "$(TARGET_NAME)";
				SWIFT_EMIT_LOC_STRINGS = NO;
				SWIFT_VERSION = 5.0;
				TARGETED_DEVICE_FAMILY = "1,2";
				TEST_HOST = "$(BUILT_PRODUCTS_DIR)/SafetyFirst.app/$(BUNDLE_EXECUTABLE_FOLDER_PATH)/SafetyFirst";
			};
			name = Release;
		};
		BDF227BB2A781D8000A5E7EB /* Debug */ = {
			isa = XCBuildConfiguration;
			buildSettings = {
				ALWAYS_EMBED_SWIFT_STANDARD_LIBRARIES = YES;
				CODE_SIGN_STYLE = Automatic;
				CURRENT_PROJECT_VERSION = 1;
				GENERATE_INFOPLIST_FILE = YES;
				MARKETING_VERSION = 1.0;
				PRODUCT_BUNDLE_IDENTIFIER = kwk.SafetyFirstUITests;
				PRODUCT_NAME = "$(TARGET_NAME)";
				SWIFT_EMIT_LOC_STRINGS = NO;
				SWIFT_VERSION = 5.0;
				TARGETED_DEVICE_FAMILY = "1,2";
				TEST_TARGET_NAME = SafetyFirst;
			};
			name = Debug;
		};
		BDF227BC2A781D8000A5E7EB /* Release */ = {
			isa = XCBuildConfiguration;
			buildSettings = {
				ALWAYS_EMBED_SWIFT_STANDARD_LIBRARIES = YES;
				CODE_SIGN_STYLE = Automatic;
				CURRENT_PROJECT_VERSION = 1;
				GENERATE_INFOPLIST_FILE = YES;
				MARKETING_VERSION = 1.0;
				PRODUCT_BUNDLE_IDENTIFIER = kwk.SafetyFirstUITests;
				PRODUCT_NAME = "$(TARGET_NAME)";
				SWIFT_EMIT_LOC_STRINGS = NO;
				SWIFT_VERSION = 5.0;
				TARGETED_DEVICE_FAMILY = "1,2";
				TEST_TARGET_NAME = SafetyFirst;
			};
			name = Release;
		};
/* End XCBuildConfiguration section */

/* Begin XCConfigurationList section */
		BDF2278B2A781D7F00A5E7EB /* Build configuration list for PBXProject "SafetyFirst" */ = {
			isa = XCConfigurationList;
			buildConfigurations = (
				BDF227B22A781D8000A5E7EB /* Debug */,
				BDF227B32A781D8000A5E7EB /* Release */,
			);
			defaultConfigurationIsVisible = 0;
			defaultConfigurationName = Release;
		};
		BDF227B42A781D8000A5E7EB /* Build configuration list for PBXNativeTarget "SafetyFirst" */ = {
			isa = XCConfigurationList;
			buildConfigurations = (
				BDF227B52A781D8000A5E7EB /* Debug */,
				BDF227B62A781D8000A5E7EB /* Release */,
			);
			defaultConfigurationIsVisible = 0;
			defaultConfigurationName = Release;
		};
		BDF227B72A781D8000A5E7EB /* Build configuration list for PBXNativeTarget "SafetyFirstTests" */ = {
			isa = XCConfigurationList;
			buildConfigurations = (
				BDF227B82A781D8000A5E7EB /* Debug */,
				BDF227B92A781D8000A5E7EB /* Release */,
			);
			defaultConfigurationIsVisible = 0;
			defaultConfigurationName = Release;
		};
		BDF227BA2A781D8000A5E7EB /* Build configuration list for PBXNativeTarget "SafetyFirstUITests" */ = {
			isa = XCConfigurationList;
			buildConfigurations = (
				BDF227BB2A781D8000A5E7EB /* Debug */,
				BDF227BC2A781D8000A5E7EB /* Release */,
			);
			defaultConfigurationIsVisible = 0;
			defaultConfigurationName = Release;
		};
/* End XCConfigurationList section */
	};
	rootObject = BDF227882A781D7F00A5E7EB /* Project object */;
}
